
Microsoft Visual Studio Solution File, Format Version 12.00
# Visual Studio Version 17
VisualStudioVersion = 17.10.35004.147
MinimumVisualStudioVersion = 10.0.40219.1
Project("{FAE04EC0-301F-11D3-BF4B-00C04F79EFBC}") = "Redis-AspNetCoreAPI", "Redis-AspNetCoreAPI\Redis-AspNetCoreAPI.csproj", "{A6D08FB5-005E-4505-97EB-830B5CD80C73}"
EndProject
Global
	GlobalSection(SolutionConfigurationPlatforms) = preSolution
		Debug|Any CPU = Debug|Any CPU
		Release|Any CPU = Release|Any CPU
	EndGlobalSection
	GlobalSection(ProjectConfigurationPlatforms) = postSolution
		{A6D08FB5-005E-4505-97EB-830B5CD80C73}.Debug|Any CPU.ActiveCfg = Debug|Any CPU
		{A6D08FB5-005E-4505-97EB-830B5CD80C73}.Debug|Any CPU.Build.0 = Debug|Any CPU
		{A6D08FB5-005E-4505-97EB-830B5CD80C73}.Release|Any CPU.ActiveCfg = Release|Any CPU
		{A6D08FB5-005E-4505-97EB-830B5CD80C73}.Release|Any CPU.Build.0 = Release|Any CPU
	EndGlobalSection
	GlobalSection(SolutionProperties) = preSolution
		HideSolutionNode = FALSE
	EndGlobalSection
	GlobalSection(ExtensibilityGlobals) = postSolution
		SolutionGuid = {B4C1430A-CEF8-4B1A-86F4-3EDA64CDED9E}
	EndGlobalSection
EndGlobal
